
Microsoft Visual Studio Solution File, Format Version 12.00
Project("{FAE04EC0-301F-11D3-BF4B-00C04F79EFBC}") = "Presentation", "Presentation\Presentation.csproj", "{AFE910D5-F6D0-4AB0-95E2-96BC11931D9F}"
EndProject
Project("{FAE04EC0-301F-11D3-BF4B-00C04F79EFBC}") = "Domain", "Domain\Domain.csproj", "{055313BD-3920-437C-BD88-8BD09ECB640F}"
EndProject
Project("{FAE04EC0-301F-11D3-BF4B-00C04F79EFBC}") = "Infrastructure", "Infrastructure\Infrastructure.csproj", "{E4CEC40A-52E6-4D6A-BDEB-CDD01BEE3C41}"
EndProject
Project("{FAE04EC0-301F-11D3-BF4B-00C04F79EFBC}") = "Application", "Application\Application.csproj", "{F1652932-DE23-4EFB-B626-8CD235322071}"
EndProject
Global
	GlobalSection(SolutionConfigurationPlatforms) = preSolution
		Debug|Any CPU = Debug|Any CPU
		Release|Any CPU = Release|Any CPU
	EndGlobalSection
	GlobalSection(ProjectConfigurationPlatforms) = postSolution
		{AFE910D5-F6D0-4AB0-95E2-96BC11931D9F}.Debug|Any CPU.ActiveCfg = Debug|Any CPU
		{AFE910D5-F6D0-4AB0-95E2-96BC11931D9F}.Debug|Any CPU.Build.0 = Debug|Any CPU
		{AFE910D5-F6D0-4AB0-95E2-96BC11931D9F}.Release|Any CPU.ActiveCfg = Release|Any CPU
		{AFE910D5-F6D0-4AB0-95E2-96BC11931D9F}.Release|Any CPU.Build.0 = Release|Any CPU
		{055313BD-3920-437C-BD88-8BD09ECB640F}.Debug|Any CPU.ActiveCfg = Debug|Any CPU
		{055313BD-3920-437C-BD88-8BD09ECB640F}.Debug|Any CPU.Build.0 = Debug|Any CPU
		{055313BD-3920-437C-BD88-8BD09ECB640F}.Release|Any CPU.ActiveCfg = Release|Any CPU
		{055313BD-3920-437C-BD88-8BD09ECB640F}.Release|Any CPU.Build.0 = Release|Any CPU
		{E4CEC40A-52E6-4D6A-BDEB-CDD01BEE3C41}.Debug|Any CPU.ActiveCfg = Debug|Any CPU
		{E4CEC40A-52E6-4D6A-BDEB-CDD01BEE3C41}.Debug|Any CPU.Build.0 = Debug|Any CPU
		{E4CEC40A-52E6-4D6A-BDEB-CDD01BEE3C41}.Release|Any CPU.ActiveCfg = Release|Any CPU
		{E4CEC40A-52E6-4D6A-BDEB-CDD01BEE3C41}.Release|Any CPU.Build.0 = Release|Any CPU
		{F1652932-DE23-4EFB-B626-8CD235322071}.Debug|Any CPU.ActiveCfg = Debug|Any CPU
		{F1652932-DE23-4EFB-B626-8CD235322071}.Debug|Any CPU.Build.0 = Debug|Any CPU
		{F1652932-DE23-4EFB-B626-8CD235322071}.Release|Any CPU.ActiveCfg = Release|Any CPU
		{F1652932-DE23-4EFB-B626-8CD235322071}.Release|Any CPU.Build.0 = Release|Any CPU
	EndGlobalSection
EndGlobal
